
Microsoft Visual Studio Solution File, Format Version 12.00
# Visual Studio Version 18
VisualStudioVersion = 18.9.12105.275
MinimumVisualStudioVersion = 10.0.40219.1
Project("{8BC9CEB8-8B4A-11D0-8D11-00A0C91BC942}") = "1", "1\1.vcxproj", "{7B192650-834F-410E-AC37-C6D980F456E3}"
EndProject
Project("{8BC9CEB8-8B4A-11D0-8D11-00A0C91BC942}") = "2", "2\2.vcxproj", "{27CEB54F-F3E1-46BB-8A27-585A164FB9C3}"
EndProject
Project("{8BC9CEB8-8B4A-11D0-8D11-00A0C91BC942}") = "3", "3\3.vcxproj", "{377A4E7E-19AB-4CD2-AE22-724328AE7E38}"
EndProject
Project("{8BC9CEB8-8B4A-11D0-8D11-00A0C91BC942}") = "4", "4\4.vcxproj", "{0988A085-9712-42A4-93F4-EF83B04DFD8C}"
EndProject
Project("{8BC9CEB8-8B4A-11D0-8D11-00A0C91BC942}") = "5", "5\5.vcxproj", "{56E28115-E33E-4FD3-9A95-59938806696F}"
EndProject
Project("{8BC9CEB8-8B4A-11D0-8D11-00A0C91BC942}") = "6", "6\6.vcxproj", "{A5C82289-3C2E-4EFF-BC71-E4A11958D0D0}"
EndProject
Project("{8BC9CEB8-8B4A-11D0-8D11-00A0C91BC942}") = "7", "7\7.vcxproj", "{33086A34-7F84-4198-A98C-C3334D33D277}"
EndProject
Project("{8BC9CEB8-8B4A-11D0-8D11-00A0C91BC942}") = "8", "8\8.vcxproj", "{08018D12-38B8-4D48-BDB5-D152D226FBB6}"
EndProject
Project("{8BC9CEB8-8B4A-11D0-8D11-00A0C91BC942}") = "9", "9\9.vcxproj", "{4475324B-D671-466F-B352-DC0B4727111E}"
EndProject
Project("{8BC9CEB8-8B4A-11D0-8D11-00A0C91BC942}") = "10", "10\10.vcxproj", "{51BA685B-3A41-4108-891A-052BBE5A2120}"
EndProject
Project("{8BC9CEB8-8B4A-11D0-8D11-00A0C91BC942}") = "11", "11\11.vcxproj", "{9603F6E1-2FD0-47DE-A43C-A0F00F8D2D85}"
EndProject
Project("{8BC9CEB8-8B4A-11D0-8D11-00A0C91BC942}") = "12", "12\12.vcxproj", "{14E8B7F5-9B09-48B6-B5DE-8E32DA691A06}"
EndProject
Project("{8BC9CEB8-8B4A-11D0-8D11-00A0C91BC942}") = "13", "13\13.vcxproj", "{560C7C74-8925-430F-93BD-3FFF886321E1}"
EndProject
Project("{8BC9CEB8-8B4A-11D0-8D11-00A0C91BC942}") = "14", "14\14.vcxproj", "{B1A6279C-CE1A-4065-B257-AF9FE10EA5D4}"
EndProject
Project("{8BC9CEB8-8B4A-11D0-8D11-00A0C91BC942}") = "15", "15\15.vcxproj", "{9759E6A8-C417-4BD1-A452-1FF83D01E900}"
EndProject
Project("{8BC9CEB8-8B4A-11D0-8D11-00A0C91BC942}") = "16", "16\16.vcxproj", "{D4CAD7D9-3F5A-475E-B800-763545EF0C3D}"
EndProject
Project("{8BC9CEB8-8B4A-11D0-8D11-00A0C91BC942}") = "17", "17\17.vcxproj", "{6E3B4DA8-D264-4DA8-8427-853A4FDEE07B}"
EndProject
Project("{8BC9CEB8-8B4A-11D0-8D11-00A0C91BC942}") = "18", "18\18.vcxproj", "{CE27744C-1E39-4EB2-A351-E33F893E340F}"
EndProject
Project("{8BC9CEB8-8B4A-11D0-8D11-00A0C91BC942}") = "19", "19\19.vcxproj", "{903D4637-F66A-4913-B26E-F134C001ACFC}"
EndProject
Project("{8BC9CEB8-8B4A-11D0-8D11-00A0C91BC942}") = "20", "20\20.vcxproj", "{045FF30A-D257-44C5-A9E0-4BA65F2AC29B}"
EndProject
Project("{8BC9CEB8-8B4A-11D0-8D11-00A0C91BC942}") = "21", "21\21.vcxproj", "{6E4A7BD5-EF73-498A-BBD2-E9EEF016210F}"
EndProject
Project("{8BC9CEB8-8B4A-11D0-8D11-00A0C91BC942}") = "22", "22\22.vcxproj", "{E4E02544-F3BF-4F4D-B655-C2FE565D73C3}"
EndProject
Project("{8BC9CEB8-8B4A-11D0-8D11-00A0C91BC942}") = "23", "23\23.vcxproj", "{73D16D69-651D-4DF1-B2ED-72977EDE6A5B}"
EndProject
Project("{8BC9CEB8-8B4A-11D0-8D11-00A0C91BC942}") = "24", "24\24.vcxproj", "{63ABAF0C-45A9-4AF8-93A2-1B99DD487449}"
EndProject
Project("{8BC9CEB8-8B4A-11D0-8D11-00A0C91BC942}") = "25", "25\25.vcxproj", "{04A42100-773D-4B6A-8831-F38D4538CCAE}"
EndProject
Project("{8BC9CEB8-8B4A-11D0-8D11-00A0C91BC942}") = "26", "26\26.vcxproj", "{A2EEB537-D36D-46FB-9825-2C0FA9731942}"
EndProject
Project("{8BC9CEB8-8B4A-11D0-8D11-00A0C91BC942}") = "27", "27\27.vcxproj", "{985648C4-C416-41E3-AC17-555BD2C16B93}"
EndProject
Project("{8BC9CEB8-8B4A-11D0-8D11-00A0C91BC942}") = "28", "28\28.vcxproj", "{8ADB07B1-1AE9-4EBF-8D83-500E7DD0C274}"
EndProject
Project("{8BC9CEB8-8B4A-11D0-8D11-00A0C91BC942}") = "29", "29\29.vcxproj", "{6B7820FC-7CE5-4FB7-8730-48D5142041F3}"
EndProject
Project("{8BC9CEB8-8B4A-11D0-8D11-00A0C91BC942}") = "30", "30\30.vcxproj", "{3F27220E-E47A-4619-975B-14B4712A70BF}"
EndProject
Project("{8BC9CEB8-8B4A-11D0-8D11-00A0C91BC942}") = "31", "31\31.vcxproj", "{C8B96CB7-1AAD-4CEF-BD71-3068A790F67B}"
EndProject
Project("{8BC9CEB8-8B4A-11D0-8D11-00A0C91BC942}") = "32", "32\32.vcxproj", "{FFC0B901-CAA5-4730-8925-5F518FCE6E21}"
EndProject
Project("{8BC9CEB8-8B4A-11D0-8D11-00A0C91BC942}") = "33", "33\33.vcxproj", "{84BA01C5-64F6-4D6D-A33B-BAA1A6269A20}"
EndProject
Project("{8BC9CEB8-8B4A-11D0-8D11-00A0C91BC942}") = "34", "34\34.vcxproj", "{45FADCE7-FDDA-4F7B-B3B6-80C0459291C1}"
EndProject
Project("{8BC9CEB8-8B4A-11D0-8D11-00A0C91BC942}") = "35", "35\35.vcxproj", "{71399245-FA7B-48C1-ABD4-1E9AC1C3FF57}"
EndProject
Project("{8BC9CEB8-8B4A-11D0-8D11-00A0C91BC942}") = "36", "36\36.vcxproj", "{EB430093-94BF-406E-833B-26E95A0AE603}"
EndProject
Project("{8BC9CEB8-8B4A-11D0-8D11-00A0C91BC942}") = "37", "37\37.vcxproj", "{A292C1C1-379B-48B8-9CEC-EB6883BE4465}"
EndProject
Project("{8BC9CEB8-8B4A-11D0-8D11-00A0C91BC942}") = "38", "38\38.vcxproj", "{D439E94F-C475-492D-B5FF-CFDFB878D920}"
EndProject
Project("{8BC9CEB8-8B4A-11D0-8D11-00A0C91BC942}") = "39", "39\39.vcxproj", "{CCFDEBBD-808E-454C-8037-E4959101A7FC}"
EndProject
Project("{8BC9CEB8-8B4A-11D0-8D11-00A0C91BC942}") = "40", "40\40.vcxproj", "{29920072-1669-4E45-B752-D1E42948CE68}"
EndProject
Project("{8BC9CEB8-8B4A-11D0-8D11-00A0C91BC942}") = "41", "41\41.vcxproj", "{F4F130C2-C148-4960-AB96-2B2C45E03484}"
EndProject
Project("{8BC9CEB8-8B4A-11D0-8D11-00A0C91BC942}") = "42", "42\42.vcxproj", "{CD5E51BD-75BB-4A0C-B798-6D4ACAFA86DD}"
EndProject
Project("{8BC9CEB8-8B4A-11D0-8D11-00A0C91BC942}") = "43", "43\43.vcxproj", "{9A104108-B505-4FB8-81A6-DEEF8B23E86D}"
EndProject
Project("{8BC9CEB8-8B4A-11D0-8D11-00A0C91BC942}") = "44", "44\44.vcxproj", "{7A57C4C4-DFD1-4525-80EE-44C9C5DFFE93}"
EndProject
Project("{8BC9CEB8-8B4A-11D0-8D11-00A0C91BC942}") = "45", "45\45.vcxproj", "{703FB943-BA04-4C4A-A9F8-6802E16E6D05}"
EndProject
Project("{8BC9CEB8-8B4A-11D0-8D11-00A0C91BC942}") = "46", "46\46.vcxproj", "{4BCCDBD8-72DB-411B-A544-763691020836}"
EndProject
Project("{8BC9CEB8-8B4A-11D0-8D11-00A0C91BC942}") = "47", "47\47.vcxproj", "{2AD8F90C-17C0-4F9E-9BC4-1390D045F06E}"
EndProject
Project("{8BC9CEB8-8B4A-11D0-8D11-00A0C91BC942}") = "48", "48\48.vcxproj", "{BB85300B-67ED-4601-831C-599996CDAA3D}"
EndProject
Project("{8BC9CEB8-8B4A-11D0-8D11-00A0C91BC942}") = "49", "49\49.vcxproj", "{99DDBAC1-A921-40D2-85D5-59018C9C8731}"
EndProject
Project("{8BC9CEB8-8B4A-11D0-8D11-00A0C91BC942}") = "50", "50\50.vcxproj", "{11E04073-0F43-4944-9E62-105AB10C7389}"
EndProject
Project("{8BC9CEB8-8B4A-11D0-8D11-00A0C91BC942}") = "51", "51\51.vcxproj", "{ED239E62-79E5-4DAE-9346-75F36D408D03}"
EndProject
Project("{8BC9CEB8-8B4A-11D0-8D11-00A0C91BC942}") = "52", "52\52.vcxproj", "{5607E1B9-3D67-45B2-85FB-8BF960D31AB1}"
EndProject
Project("{8BC9CEB8-8B4A-11D0-8D11-00A0C91BC942}") = "53", "53\53.vcxproj", "{5F20A28A-0525-4FE6-8812-62E5138D610A}"
EndProject
Project("{8BC9CEB8-8B4A-11D0-8D11-00A0C91BC942}") = "54", "54\54.vcxproj", "{CA71B2E8-EC96-469B-8AA7-A83C6C47253F}"
EndProject
Project("{8BC9CEB8-8B4A-11D0-8D11-00A0C91BC942}") = "55", "55\55.vcxproj", "{4F05AD10-EF3C-49C8-AF78-7612ECFE3760}"
EndProject
Project("{8BC9CEB8-8B4A-11D0-8D11-00A0C91BC942}") = "56", "56\56.vcxproj", "{9BE8C596-01E6-4D2D-B8ED-5F7D8BCBCA1C}"
EndProject
Project("{8BC9CEB8-8B4A-11D0-8D11-00A0C91BC942}") = "57", "57\57.vcxproj", "{6BEC25AB-F080-4CDB-A903-88D07B3B409D}"
EndProject
Project("{8BC9CEB8-8B4A-11D0-8D11-00A0C91BC942}") = "58", "58\58.vcxproj", "{F4919D0B-10AC-4125-A268-F0871473CC2B}"
EndProject
Project("{8BC9CEB8-8B4A-11D0-8D11-00A0C91BC942}") = "59", "59\59.vcxproj", "{3CA5279B-A257-4BD8-877E-74C9A5F2D2A7}"
EndProject
Project("{8BC9CEB8-8B4A-11D0-8D11-00A0C91BC942}") = "60", "60\60.vcxproj", "{96080411-DF21-41A0-B031-70EF65ACDAB7}"
EndProject
Project("{8BC9CEB8-8B4A-11D0-8D11-00A0C91BC942}") = "61", "61\61.vcxproj", "{B8641D18-5833-4390-9A80-DDFE1AC16BE3}"
EndProject
Project("{8BC9CEB8-8B4A-11D0-8D11-00A0C91BC942}") = "62", "62\62.vcxproj", "{EE01D391-C3AF-4AB4-AF28-E81055061A97}"
EndProject
Project("{8BC9CEB8-8B4A-11D0-8D11-00A0C91BC942}") = "63", "63\63.vcxproj", "{4871B85E-6668-4026-967D-C063559268FB}"
EndProject
Project("{8BC9CEB8-8B4A-11D0-8D11-00A0C91BC942}") = "64", "64\64.vcxproj", "{B4765025-D9E1-43BA-9B2A-7A2AFDE62442}"
EndProject
Project("{8BC9CEB8-8B4A-11D0-8D11-00A0C91BC942}") = "65", "65\65.vcxproj", "{19239F6F-024A-45DA-A03E-F350E480AF2E}"
EndProject
Global
	GlobalSection(SolutionConfigurationPlatforms) = preSolution
		Debug|x64 = Debug|x64
		Debug|x86 = Debug|x86
		Release|x64 = Release|x64
		Release|x86 = Release|x86
	EndGlobalSection
	GlobalSection(ProjectConfigurationPlatforms) = postSolution
		{7B192650-834F-410E-AC37-C6D980F456E3}.Debug|x64.ActiveCfg = Debug|x64
		{7B192650-834F-410E-AC37-C6D980F456E3}.Debug|x64.Build.0 = Debug|x64
		{7B192650-834F-410E-AC37-C6D980F456E3}.Debug|x86.ActiveCfg = Debug|Win32
		{7B192650-834F-410E-AC37-C6D980F456E3}.Debug|x86.Build.0 = Debug|Win32
		{7B192650-834F-410E-AC37-C6D980F456E3}.Release|x64.ActiveCfg = Release|x64
		{7B192650-834F-410E-AC37-C6D980F456E3}.Release|x64.Build.0 = Release|x64
		{7B192650-834F-410E-AC37-C6D980F456E3}.Release|x86.ActiveCfg = Release|Win32
		{7B192650-834F-410E-AC37-C6D980F456E3}.Release|x86.Build.0 = Release|Win32
		{27CEB54F-F3E1-46BB-8A27-585A164FB9C3}.Debug|x64.ActiveCfg = Debug|x64
		{27CEB54F-F3E1-46BB-8A27-585A164FB9C3}.Debug|x64.Build.0 = Debug|x64
		{27CEB54F-F3E1-46BB-8A27-585A164FB9C3}.Debug|x86.ActiveCfg = Debug|Win32
		{27CEB54F-F3E1-46BB-8A27-585A164FB9C3}.Debug|x86.Build.0 = Debug|Win32
		{27CEB54F-F3E1-46BB-8A27-585A164FB9C3}.Release|x64.ActiveCfg = Release|x64
		{27CEB54F-F3E1-46BB-8A27-585A164FB9C3}.Release|x64.Build.0 = Release|x64
		{27CEB54F-F3E1-46BB-8A27-585A164FB9C3}.Release|x86.ActiveCfg = Release|Win32
		{27CEB54F-F3E1-46BB-8A27-585A164FB9C3}.Release|x86.Build.0 = Release|Win32
		{377A4E7E-19AB-4CD2-AE22-724328AE7E38}.Debug|x64.ActiveCfg = Debug|x64
		{377A4E7E-19AB-4CD2-AE22-724328AE7E38}.Debug|x64.Build.0 = Debug|x64
		{377A4E7E-19AB-4CD2-AE22-724328AE7E38}.Debug|x86.ActiveCfg = Debug|Win32
		{377A4E7E-19AB-4CD2-AE22-724328AE7E38}.Debug|x86.Build.0 = Debug|Win32
		{377A4E7E-19AB-4CD2-AE22-724328AE7E38}.Release|x64.ActiveCfg = Release|x64
		{377A4E7E-19AB-4CD2-AE22-724328AE7E38}.Release|x64.Build.0 = Release|x64
		{377A4E7E-19AB-4CD2-AE22-724328AE7E38}.Release|x86.ActiveCfg = Release|Win32
		{377A4E7E-19AB-4CD2-AE22-724328AE7E38}.Release|x86.Build.0 = Release|Win32
		{0988A085-9712-42A4-93F4-EF83B04DFD8C}.Debug|x64.ActiveCfg = Debug|x64
		{0988A085-9712-42A4-93F4-EF83B04DFD8C}.Debug|x64.Build.0 = Debug|x64
		{0988A085-9712-42A4-93F4-EF83B04DFD8C}.Debug|x86.ActiveCfg = Debug|Win32
		{0988A085-9712-42A4-93F4-EF83B04DFD8C}.Debug|x86.Build.0 = Debug|Win32
		{0988A085-9712-42A4-93F4-EF83B04DFD8C}.Release|x64.ActiveCfg = Release|x64
		{0988A085-9712-42A4-93F4-EF83B04DFD8C}.Release|x64.Build.0 = Release|x64
		{0988A085-9712-42A4-93F4-EF83B04DFD8C}.Release|x86.ActiveCfg = Release|Win32
		{0988A085-9712-42A4-93F4-EF83B04DFD8C}.Release|x86.Build.0 = Release|Win32
		{56E28115-E33E-4FD3-9A95-59938806696F}.Debug|x64.ActiveCfg = Debug|x64
		{56E28115-E33E-4FD3-9A95-59938806696F}.Debug|x64.Build.0 = Debug|x64
		{56E28115-E33E-4FD3-9A95-59938806696F}.Debug|x86.ActiveCfg = Debug|Win32
		{56E28115-E33E-4FD3-9A95-59938806696F}.Debug|x86.Build.0 = Debug|Win32
		{56E28115-E33E-4FD3-9A95-59938806696F}.Release|x64.ActiveCfg = Release|x64
		{56E28115-E33E-4FD3-9A95-59938806696F}.Release|x64.Build.0 = Release|x64
		{56E28115-E33E-4FD3-9A95-59938806696F}.Release|x86.ActiveCfg = Release|Win32
		{56E28115-E33E-4FD3-9A95-59938806696F}.Release|x86.Build.0 = Release|Win32
		{A5C82289-3C2E-4EFF-BC71-E4A11958D0D0}.Debug|x64.ActiveCfg = Debug|x64
		{A5C82289-3C2E-4EFF-BC71-E4A11958D0D0}.Debug|x64.Build.0 = Debug|x64
		{A5C82289-3C2E-4EFF-BC71-E4A11958D0D0}.Debug|x86.ActiveCfg = Debug|Win32
		{A5C82289-3C2E-4EFF-BC71-E4A11958D0D0}.Debug|x86.Build.0 = Debug|Win32
		{A5C82289-3C2E-4EFF-BC71-E4A11958D0D0}.Release|x64.ActiveCfg = Release|x64
		{A5C82289-3C2E-4EFF-BC71-E4A11958D0D0}.Release|x64.Build.0 = Release|x64
		{A5C82289-3C2E-4EFF-BC71-E4A11958D0D0}.Release|x86.ActiveCfg = Release|Win32
		{A5C82289-3C2E-4EFF-BC71-E4A11958D0D0}.Release|x86.Build.0 = Release|Win32
		{33086A34-7F84-4198-A98C-C3334D33D277}.Debug|x64.ActiveCfg = Debug|x64
		{33086A34-7F84-4198-A98C-C3334D33D277}.Debug|x64.Build.0 = Debug|x64
		{33086A34-7F84-4198-A98C-C3334D33D277}.Debug|x86.ActiveCfg = Debug|Win32
		{33086A34-7F84-4198-A98C-C3334D33D277}.Debug|x86.Build.0 = Debug|Win32
		{33086A34-7F84-4198-A98C-C3334D33D277}.Release|x64.ActiveCfg = Release|x64
		{33086A34-7F84-4198-A98C-C3334D33D277}.Release|x64.Build.0 = Release|x64
		{33086A34-7F84-4198-A98C-C3334D33D277}.Release|x86.ActiveCfg = Release|Win32
		{33086A34-7F84-4198-A98C-C3334D33D277}.Release|x86.Build.0 = Release|Win32
		{08018D12-38B8-4D48-BDB5-D152D226FBB6}.Debug|x64.ActiveCfg = Debug|x64
		{08018D12-38B8-4D48-BDB5-D152D226FBB6}.Debug|x64.Build.0 = Debug|x64
		{08018D12-38B8-4D48-BDB5-D152D226FBB6}.Debug|x86.ActiveCfg = Debug|Win32
		{08018D12-38B8-4D48-BDB5-D152D226FBB6}.Debug|x86.Build.0 = Debug|Win32
		{08018D12-38B8-4D48-BDB5-D152D226FBB6}.Release|x64.ActiveCfg = Release|x64
		{08018D12-38B8-4D48-BDB5-D152D226FBB6}.Release|x64.Build.0 = Release|x64
		{08018D12-38B8-4D48-BDB5-D152D226FBB6}.Release|x86.ActiveCfg = Release|Win32
		{08018D12-38B8-4D48-BDB5-D152D226FBB6}.Release|x86.Build.0 = Release|Win32
		{4475324B-D671-466F-B352-DC0B4727111E}.Debug|x64.ActiveCfg = Debug|x64
		{4475324B-D671-466F-B352-DC0B4727111E}.Debug|x64.Build.0 = Debug|x64
		{4475324B-D671-466F-B352-DC0B4727111E}.Debug|x86.ActiveCfg = Debug|Win32
		{4475324B-D671-466F-B352-DC0B4727111E}.Debug|x86.Build.0 = Debug|Win32
		{4475324B-D671-466F-B352-DC0B4727111E}.Release|x64.ActiveCfg = Release|x64
		{4475324B-D671-466F-B352-DC0B4727111E}.Release|x64.Build.0 = Release|x64
		{4475324B-D671-466F-B352-DC0B4727111E}.Release|x86.ActiveCfg = Release|Win32
		{4475324B-D671-466F-B352-DC0B4727111E}.Release|x86.Build.0 = Release|Win32
		{51BA685B-3A41-4108-891A-052BBE5A2120}.Debug|x64.ActiveCfg = Debug|x64
		{51BA685B-3A41-4108-891A-052BBE5A2120}.Debug|x64.Build.0 = Debug|x64
		{51BA685B-3A41-4108-891A-052BBE5A2120}.Debug|x86.ActiveCfg = Debug|Win32
		{51BA685B-3A41-4108-891A-052BBE5A2120}.Debug|x86.Build.0 = Debug|Win32
		{51BA685B-3A41-4108-891A-052BBE5A2120}.Release|x64.ActiveCfg = Release|x64
		{51BA685B-3A41-4108-891A-052BBE5A2120}.Release|x64.Build.0 = Release|x64
		{51BA685B-3A41-4108-891A-052BBE5A2120}.Release|x86.ActiveCfg = Release|Win32
		{51BA685B-3A41-4108-891A-052BBE5A2120}.Release|x86.Build.0 = Release|Win32
		{9603F6E1-2FD0-47DE-A43C-A0F00F8D2D85}.Debug|x64.ActiveCfg = Debug|x64
		{9603F6E1-2FD0-47DE-A43C-A0F00F8D2D85}.Debug|x64.Build.0 = Debug|x64
		{9603F6E1-2FD0-47DE-A43C-A0F00F8D2D85}.Debug|x86.ActiveCfg = Debug|Win32
		{9603F6E1-2FD0-47DE-A43C-A0F00F8D2D85}.Debug|x86.Build.0 = Debug|Win32
		{9603F6E1-2FD0-47DE-A43C-A0F00F8D2D85}.Release|x64.ActiveCfg = Release|x64
		{9603F6E1-2FD0-47DE-A43C-A0F00F8D2D85}.Release|x64.Build.0 = Release|x64
		{9603F6E1-2FD0-47DE-A43C-A0F00F8D2D85}.Release|x86.ActiveCfg = Release|Win32
		{9603F6E1-2FD0-47DE-A43C-A0F00F8D2D85}.Release|x86.Build.0 = Release|Win32
		{14E8B7F5-9B09-48B6-B5DE-8E32DA691A06}.Debug|x64.ActiveCfg = Debug|x64
		{14E8B7F5-9B09-48B6-B5DE-8E32DA691A06}.Debug|x64.Build.0 = Debug|x64
		{14E8B7F5-9B09-48B6-B5DE-8E32DA691A06}.Debug|x86.ActiveCfg = Debug|Win32
		{14E8B7F5-9B09-48B6-B5DE-8E32DA691A06}.Debug|x86.Build.0 = Debug|Win32
		{14E8B7F5-9B09-48B6-B5DE-8E32DA691A06}.Release|x64.ActiveCfg = Release|x64
		{14E8B7F5-9B09-48B6-B5DE-8E32DA691A06}.Release|x64.Build.0 = Release|x64
		{14E8B7F5-9B09-48B6-B5DE-8E32DA691A06}.Release|x86.ActiveCfg = Release|Win32
		{14E8B7F5-9B09-48B6-B5DE-8E32DA691A06}.Release|x86.Build.0 = Release|Win32
		{560C7C74-8925-430F-93BD-3FFF886321E1}.Debug|x64.ActiveCfg = Debug|x64
		{560C7C74-8925-430F-93BD-3FFF886321E1}.Debug|x64.Build.0 = Debug|x64
		{560C7C74-8925-430F-93BD-3FFF886321E1}.Debug|x86.ActiveCfg = Debug|Win32
		{560C7C74-8925-430F-93BD-3FFF886321E1}.Debug|x86.Build.0 = Debug|Win32
		{560C7C74-8925-430F-93BD-3FFF886321E1}.Release|x64.ActiveCfg = Release|x64
		{560C7C74-8925-430F-93BD-3FFF886321E1}.Release|x64.Build.0 = Release|x64
		{560C7C74-8925-430F-93BD-3FFF886321E1}.Release|x86.ActiveCfg = Release|Win32
		{560C7C74-8925-430F-93BD-3FFF886321E1}.Release|x86.Build.0 = Release|Win32
		{B1A6279C-CE1A-4065-B257-AF9FE10EA5D4}.Debug|x64.ActiveCfg = Debug|x64
		{B1A6279C-CE1A-4065-B257-AF9FE10EA5D4}.Debug|x64.Build.0 = Debug|x64
		{B1A6279C-CE1A-4065-B257-AF9FE10EA5D4}.Debug|x86.ActiveCfg = Debug|Win32
		{B1A6279C-CE1A-4065-B257-AF9FE10EA5D4}.Debug|x86.Build.0 = Debug|Win32
		{B1A6279C-CE1A-4065-B257-AF9FE10EA5D4}.Release|x64.ActiveCfg = Release|x64
		{B1A6279C-CE1A-4065-B257-AF9FE10EA5D4}.Release|x64.Build.0 = Release|x64
		{B1A6279C-CE1A-4065-B257-AF9FE10EA5D4}.Release|x86.ActiveCfg = Release|Win32
		{B1A6279C-CE1A-4065-B257-AF9FE10EA5D4}.Release|x86.Build.0 = Release|Win32
		{9759E6A8-C417-4BD1-A452-1FF83D01E900}.Debug|x64.ActiveCfg = Debug|x64
		{9759E6A8-C417-4BD1-A452-1FF83D01E900}.Debug|x64.Build.0 = Debug|x64
		{9759E6A8-C417-4BD1-A452-1FF83D01E900}.Debug|x86.ActiveCfg = Debug|Win32
		{9759E6A8-C417-4BD1-A452-1FF83D01E900}.Debug|x86.Build.0 = Debug|Win32
		{9759E6A8-C417-4BD1-A452-1FF83D01E900}.Release|x64.ActiveCfg = Release|x64
		{9759E6A8-C417-4BD1-A452-1FF83D01E900}.Release|x64.Build.0 = Release|x64
		{9759E6A8-C417-4BD1-A452-1FF83D01E900}.Release|x86.ActiveCfg = Release|Win32
		{9759E6A8-C417-4BD1-A452-1FF83D01E900}.Release|x86.Build.0 = Release|Win32
		{D4CAD7D9-3F5A-475E-B800-763545EF0C3D}.Debug|x64.ActiveCfg = Debug|x64
		{D4CAD7D9-3F5A-475E-B800-763545EF0C3D}.Debug|x64.Build.0 = Debug|x64
		{D4CAD7D9-3F5A-475E-B800-763545EF0C3D}.Debug|x86.ActiveCfg = Debug|Win32
		{D4CAD7D9-3F5A-475E-B800-763545EF0C3D}.Debug|x86.Build.0 = Debug|Win32
		{D4CAD7D9-3F5A-475E-B800-763545EF0C3D}.Release|x64.ActiveCfg = Release|x64
		{D4CAD7D9-3F5A-475E-B800-763545EF0C3D}.Release|x64.Build.0 = Release|x64
		{D4CAD7D9-3F5A-475E-B800-763545EF0C3D}.Release|x86.ActiveCfg = Release|Win32
		{D4CAD7D9-3F5A-475E-B800-763545EF0C3D}.Release|x86.Build.0 = Release|Win32
		{6E3B4DA8-D264-4DA8-8427-853A4FDEE07B}.Debug|x64.ActiveCfg = Debug|x64
		{6E3B4DA8-D264-4DA8-8427-853A4FDEE07B}.Debug|x64.Build.0 = Debug|x64
		{6E3B4DA8-D264-4DA8-8427-853A4FDEE07B}.Debug|x86.ActiveCfg = Debug|Win32
		{6E3B4DA8-D264-4DA8-8427-853A4FDEE07B}.Debug|x86.Build.0 = Debug|Win32
		{6E3B4DA8-D264-4DA8-8427-853A4FDEE07B}.Release|x64.ActiveCfg = Release|x64
		{6E3B4DA8-D264-4DA8-8427-853A4FDEE07B}.Release|x64.Build.0 = Release|x64
		{6E3B4DA8-D264-4DA8-8427-853A4FDEE07B}.Release|x86.ActiveCfg = Release|Win32
		{6E3B4DA8-D264-4DA8-8427-853A4FDEE07B}.Release|x86.Build.0 = Release|Win32
		{CE27744C-1E39-4EB2-A351-E33F893E340F}.Debug|x64.ActiveCfg = Debug|x64
		{CE27744C-1E39-4EB2-A351-E33F893E340F}.Debug|x64.Build.0 = Debug|x64
		{CE27744C-1E39-4EB2-A351-E33F893E340F}.Debug|x86.ActiveCfg = Debug|Win32
		{CE27744C-1E39-4EB2-A351-E33F893E340F}.Debug|x86.Build.0 = Debug|Win32
		{CE27744C-1E39-4EB2-A351-E33F893E340F}.Release|x64.ActiveCfg = Release|x64
		{CE27744C-1E39-4EB2-A351-E33F893E340F}.Release|x64.Build.0 = Release|x64
		{CE27744C-1E39-4EB2-A351-E33F893E340F}.Release|x86.ActiveCfg = Release|Win32
		{CE27744C-1E39-4EB2-A351-E33F893E340F}.Release|x86.Build.0 = Release|Win32
		{903D4637-F66A-4913-B26E-F134C001ACFC}.Debug|x64.ActiveCfg = Debug|x64
		{903D4637-F66A-4913-B26E-F134C001ACFC}.Debug|x64.Build.0 = Debug|x64
		{903D4637-F66A-4913-B26E-F134C001ACFC}.Debug|x86.ActiveCfg = Debug|Win32
		{903D4637-F66A-4913-B26E-F134C001ACFC}.Debug|x86.Build.0 = Debug|Win32
		{903D4637-F66A-4913-B26E-F134C001ACFC}.Release|x64.ActiveCfg = Release|x64
		{903D4637-F66A-4913-B26E-F134C001ACFC}.Release|x64.Build.0 = Release|x64
		{903D4637-F66A-4913-B26E-F134C001ACFC}.Release|x86.ActiveCfg = Release|Win32
		{903D4637-F66A-4913-B26E-F134C001ACFC}.Release|x86.Build.0 = Release|Win32
		{045FF30A-D257-44C5-A9E0-4BA65F2AC29B}.Debug|x64.ActiveCfg = Debug|x64
		{045FF30A-D257-44C5-A9E0-4BA65F2AC29B}.Debug|x64.Build.0 = Debug|x64
		{045FF30A-D257-44C5-A9E0-4BA65F2AC29B}.Debug|x86.ActiveCfg = Debug|Win32
		{045FF30A-D257-44C5-A9E0-4BA65F2AC29B}.Debug|x86.Build.0 = Debug|Win32
		{045FF30A-D257-44C5-A9E0-4BA65F2AC29B}.Release|x64.ActiveCfg = Release|x64
		{045FF30A-D257-44C5-A9E0-4BA65F2AC29B}.Release|x64.Build.0 = Release|x64
		{045FF30A-D257-44C5-A9E0-4BA65F2AC29B}.Release|x86.ActiveCfg = Release|Win32
		{045FF30A-D257-44C5-A9E0-4BA65F2AC29B}.Release|x86.Build.0 = Release|Win32
		{6E4A7BD5-EF73-498A-BBD2-E9EEF016210F}.Debug|x64.ActiveCfg = Debug|x64
		{6E4A7BD5-EF73-498A-BBD2-E9EEF016210F}.Debug|x64.Build.0 = Debug|x64
		{6E4A7BD5-EF73-498A-BBD2-E9EEF016210F}.Debug|x86.ActiveCfg = Debug|Win32
		{6E4A7BD5-EF73-498A-BBD2-E9EEF016210F}.Debug|x86.Build.0 = Debug|Win32
		{6E4A7BD5-EF73-498A-BBD2-E9EEF016210F}.Release|x64.ActiveCfg = Release|x64
		{6E4A7BD5-EF73-498A-BBD2-E9EEF016210F}.Release|x64.Build.0 = Release|x64
		{6E4A7BD5-EF73-498A-BBD2-E9EEF016210F}.Release|x86.ActiveCfg = Release|Win32
		{6E4A7BD5-EF73-498A-BBD2-E9EEF016210F}.Release|x86.Build.0 = Release|Win32
		{E4E02544-F3BF-4F4D-B655-C2FE565D73C3}.Debug|x64.ActiveCfg = Debug|x64
		{E4E02544-F3BF-4F4D-B655-C2FE565D73C3}.Debug|x64.Build.0 = Debug|x64
		{E4E02544-F3BF-4F4D-B655-C2FE565D73C3}.Debug|x86.ActiveCfg = Debug|Win32
		{E4E02544-F3BF-4F4D-B655-C2FE565D73C3}.Debug|x86.Build.0 = Debug|Win32
		{E4E02544-F3BF-4F4D-B655-C2FE565D73C3}.Release|x64.ActiveCfg = Release|x64
		{E4E02544-F3BF-4F4D-B655-C2FE565D73C3}.Release|x64.Build.0 = Release|x64
		{E4E02544-F3BF-4F4D-B655-C2FE565D73C3}.Release|x86.ActiveCfg = Release|Win32
		{E4E02544-F3BF-4F4D-B655-C2FE565D73C3}.Release|x86.Build.0 = Release|Win32
		{73D16D69-651D-4DF1-B2ED-72977EDE6A5B}.Debug|x64.ActiveCfg = Debug|x64
		{73D16D69-651D-4DF1-B2ED-72977EDE6A5B}.Debug|x64.Build.0 = Debug|x64
		{73D16D69-651D-4DF1-B2ED-72977EDE6A5B}.Debug|x86.ActiveCfg = Debug|Win32
		{73D16D69-651D-4DF1-B2ED-72977EDE6A5B}.Debug|x86.Build.0 = Debug|Win32
		{73D16D69-651D-4DF1-B2ED-72977EDE6A5B}.Release|x64.ActiveCfg = Release|x64
		{73D16D69-651D-4DF1-B2ED-72977EDE6A5B}.Release|x64.Build.0 = Release|x64
		{73D16D69-651D-4DF1-B2ED-72977EDE6A5B}.Release|x86.ActiveCfg = Release|Win32
		{73D16D69-651D-4DF1-B2ED-72977EDE6A5B}.Release|x86.Build.0 = Release|Win32
		{63ABAF0C-45A9-4AF8-93A2-1B99DD487449}.Debug|x64.ActiveCfg = Debug|x64
		{63ABAF0C-45A9-4AF8-93A2-1B99DD487449}.Debug|x64.Build.0 = Debug|x64
		{63ABAF0C-45A9-4AF8-93A2-1B99DD487449}.Debug|x86.ActiveCfg = Debug|Win32
		{63ABAF0C-45A9-4AF8-93A2-1B99DD487449}.Debug|x86.Build.0 = Debug|Win32
		{63ABAF0C-45A9-4AF8-93A2-1B99DD487449}.Release|x64.ActiveCfg = Release|x64
		{63ABAF0C-45A9-4AF8-93A2-1B99DD487449}.Release|x64.Build.0 = Release|x64
		{63ABAF0C-45A9-4AF8-93A2-1B99DD487449}.Release|x86.ActiveCfg = Release|Win32
		{63ABAF0C-45A9-4AF8-93A2-1B99DD487449}.Release|x86.Build.0 = Release|Win32
		{04A42100-773D-4B6A-8831-F38D4538CCAE}.Debug|x64.ActiveCfg = Debug|x64
		{04A42100-773D-4B6A-8831-F38D4538CCAE}.Debug|x64.Build.0 = Debug|x64
		{04A42100-773D-4B6A-8831-F38D4538CCAE}.Debug|x86.ActiveCfg = Debug|Win32
		{04A42100-773D-4B6A-8831-F38D4538CCAE}.Debug|x86.Build.0 = Debug|Win32
		{04A42100-773D-4B6A-8831-F38D4538CCAE}.Release|x64.ActiveCfg = Release|x64
		{04A42100-773D-4B6A-8831-F38D4538CCAE}.Release|x64.Build.0 = Release|x64
		{04A42100-773D-4B6A-8831-F38D4538CCAE}.Release|x86.ActiveCfg = Release|Win32
		{04A42100-773D-4B6A-8831-F38D4538CCAE}.Release|x86.Build.0 = Release|Win32
		{A2EEB537-D36D-46FB-9825-2C0FA9731942}.Debug|x64.ActiveCfg = Debug|x64
		{A2EEB537-D36D-46FB-9825-2C0FA9731942}.Debug|x64.Build.0 = Debug|x64
		{A2EEB537-D36D-46FB-9825-2C0FA9731942}.Debug|x86.ActiveCfg = Debug|Win32
		{A2EEB537-D36D-46FB-9825-2C0FA9731942}.Debug|x86.Build.0 = Debug|Win32
		{A2EEB537-D36D-46FB-9825-2C0FA9731942}.Release|x64.ActiveCfg = Release|x64
		{A2EEB537-D36D-46FB-9825-2C0FA9731942}.Release|x64.Build.0 = Release|x64
		{A2EEB537-D36D-46FB-9825-2C0FA9731942}.Release|x86.ActiveCfg = Release|Win32
		{A2EEB537-D36D-46FB-9825-2C0FA9731942}.Release|x86.Build.0 = Release|Win32
		{985648C4-C416-41E3-AC17-555BD2C16B93}.Debug|x64.ActiveCfg = Debug|x64
		{985648C4-C416-41E3-AC17-555BD2C16B93}.Debug|x64.Build.0 = Debug|x64
		{985648C4-C416-41E3-AC17-555BD2C16B93}.Debug|x86.ActiveCfg = Debug|Win32
		{985648C4-C416-41E3-AC17-555BD2C16B93}.Debug|x86.Build.0 = Debug|Win32
		{985648C4-C416-41E3-AC17-555BD2C16B93}.Release|x64.ActiveCfg = Release|x64
		{985648C4-C416-41E3-AC17-555BD2C16B93}.Release|x64.Build.0 = Release|x64
		{985648C4-C416-41E3-AC17-555BD2C16B93}.Release|x86.ActiveCfg = Release|Win32
		{985648C4-C416-41E3-AC17-555BD2C16B93}.Release|x86.Build.0 = Release|Win32
		{8ADB07B1-1AE9-4EBF-8D83-500E7DD0C274}.Debug|x64.ActiveCfg = Debug|x64
		{8ADB07B1-1AE9-4EBF-8D83-500E7DD0C274}.Debug|x64.Build.0 = Debug|x64
		{8ADB07B1-1AE9-4EBF-8D83-500E7DD0C274}.Debug|x86.ActiveCfg = Debug|Win32
		{8ADB07B1-1AE9-4EBF-8D83-500E7DD0C274}.Debug|x86.Build.0 = Debug|Win32
		{8ADB07B1-1AE9-4EBF-8D83-500E7DD0C274}.Release|x64.ActiveCfg = Release|x64
		{8ADB07B1-1AE9-4EBF-8D83-500E7DD0C274}.Release|x64.Build.0 = Release|x64
		{8ADB07B1-1AE9-4EBF-8D83-500E7DD0C274}.Release|x86.ActiveCfg = Release|Win32
		{8ADB07B1-1AE9-4EBF-8D83-500E7DD0C274}.Release|x86.Build.0 = Release|Win32
		{6B7820FC-7CE5-4FB7-8730-48D5142041F3}.Debug|x64.ActiveCfg = Debug|x64
		{6B7820FC-7CE5-4FB7-8730-48D5142041F3}.Debug|x64.Build.0 = Debug|x64
		{6B7820FC-7CE5-4FB7-8730-48D5142041F3}.Debug|x86.ActiveCfg = Debug|Win32
		{6B7820FC-7CE5-4FB7-8730-48D5142041F3}.Debug|x86.Build.0 = Debug|Win32
		{6B7820FC-7CE5-4FB7-8730-48D5142041F3}.Release|x64.ActiveCfg = Release|x64
		{6B7820FC-7CE5-4FB7-8730-48D5142041F3}.Release|x64.Build.0 = Release|x64
		{6B7820FC-7CE5-4FB7-8730-48D5142041F3}.Release|x86.ActiveCfg = Release|Win32
		{6B7820FC-7CE5-4FB7-8730-48D5142041F3}.Release|x86.Build.0 = Release|Win32
		{3F27220E-E47A-4619-975B-14B4712A70BF}.Debug|x64.ActiveCfg = Debug|x64
		{3F27220E-E47A-4619-975B-14B4712A70BF}.Debug|x64.Build.0 = Debug|x64
		{3F27220E-E47A-4619-975B-14B4712A70BF}.Debug|x86.ActiveCfg = Debug|Win32
		{3F27220E-E47A-4619-975B-14B4712A70BF}.Debug|x86.Build.0 = Debug|Win32
		{3F27220E-E47A-4619-975B-14B4712A70BF}.Release|x64.ActiveCfg = Release|x64
		{3F27220E-E47A-4619-975B-14B4712A70BF}.Release|x64.Build.0 = Release|x64
		{3F27220E-E47A-4619-975B-14B4712A70BF}.Release|x86.ActiveCfg = Release|Win32
		{3F27220E-E47A-4619-975B-14B4712A70BF}.Release|x86.Build.0 = Release|Win32
		{C8B96CB7-1AAD-4CEF-BD71-3068A790F67B}.Debug|x64.ActiveCfg = Debug|x64
		{C8B96CB7-1AAD-4CEF-BD71-3068A790F67B}.Debug|x64.Build.0 = Debug|x64
		{C8B96CB7-1AAD-4CEF-BD71-3068A790F67B}.Debug|x86.ActiveCfg = Debug|Win32
		{C8B96CB7-1AAD-4CEF-BD71-3068A790F67B}.Debug|x86.Build.0 = Debug|Win32
		{C8B96CB7-1AAD-4CEF-BD71-3068A790F67B}.Release|x64.ActiveCfg = Release|x64
		{C8B96CB7-1AAD-4CEF-BD71-3068A790F67B}.Release|x64.Build.0 = Release|x64
		{C8B96CB7-1AAD-4CEF-BD71-3068A790F67B}.Release|x86.ActiveCfg = Release|Win32
		{C8B96CB7-1AAD-4CEF-BD71-3068A790F67B}.Release|x86.Build.0 = Release|Win32
		{FFC0B901-CAA5-4730-8925-5F518FCE6E21}.Debug|x64.ActiveCfg = Debug|x64
		{FFC0B901-CAA5-4730-8925-5F518FCE6E21}.Debug|x64.Build.0 = Debug|x64
		{FFC0B901-CAA5-4730-8925-5F518FCE6E21}.Debug|x86.ActiveCfg = Debug|Win32
		{FFC0B901-CAA5-4730-8925-5F518FCE6E21}.Debug|x86.Build.0 = Debug|Win32
		{FFC0B901-CAA5-4730-8925-5F518FCE6E21}.Release|x64.ActiveCfg = Release|x64
		{FFC0B901-CAA5-4730-8925-5F518FCE6E21}.Release|x64.Build.0 = Release|x64
		{FFC0B901-CAA5-4730-8925-5F518FCE6E21}.Release|x86.ActiveCfg = Release|Win32
		{FFC0B901-CAA5-4730-8925-5F518FCE6E21}.Release|x86.Build.0 = Release|Win32
		{84BA01C5-64F6-4D6D-A33B-BAA1A6269A20}.Debug|x64.ActiveCfg = Debug|x64
		{84BA01C5-64F6-4D6D-A33B-BAA1A6269A20}.Debug|x64.Build.0 = Debug|x64
		{84BA01C5-64F6-4D6D-A33B-BAA1A6269A20}.Debug|x86.ActiveCfg = Debug|Win32
		{84BA01C5-64F6-4D6D-A33B-BAA1A6269A20}.Debug|x86.Build.0 = Debug|Win32
		{84BA01C5-64F6-4D6D-A33B-BAA1A6269A20}.Release|x64.ActiveCfg = Release|x64
		{84BA01C5-64F6-4D6D-A33B-BAA1A6269A20}.Release|x64.Build.0 = Release|x64
		{84BA01C5-64F6-4D6D-A33B-BAA1A6269A20}.Release|x86.ActiveCfg = Release|Win32
		{84BA01C5-64F6-4D6D-A33B-BAA1A6269A20}.Release|x86.Build.0 = Release|Win32
		{45FADCE7-FDDA-4F7B-B3B6-80C0459291C1}.Debug|x64.ActiveCfg = Debug|x64
		{45FADCE7-FDDA-4F7B-B3B6-80C0459291C1}.Debug|x64.Build.0 = Debug|x64
		{45FADCE7-FDDA-4F7B-B3B6-80C0459291C1}.Debug|x86.ActiveCfg = Debug|Win32
		{45FADCE7-FDDA-4F7B-B3B6-80C0459291C1}.Debug|x86.Build.0 = Debug|Win32
		{45FADCE7-FDDA-4F7B-B3B6-80C0459291C1}.Release|x64.ActiveCfg = Release|x64
		{45FADCE7-FDDA-4F7B-B3B6-80C0459291C1}.Release|x64.Build.0 = Release|x64
		{45FADCE7-FDDA-4F7B-B3B6-80C0459291C1}.Release|x86.ActiveCfg = Release|Win32
		{45FADCE7-FDDA-4F7B-B3B6-80C0459291C1}.Release|x86.Build.0 = Release|Win32
		{71399245-FA7B-48C1-ABD4-1E9AC1C3FF57}.Debug|x64.ActiveCfg = Debug|x64
		{71399245-FA7B-48C1-ABD4-1E9AC1C3FF57}.Debug|x64.Build.0 = Debug|x64
		{71399245-FA7B-48C1-ABD4-1E9AC1C3FF57}.Debug|x86.ActiveCfg = Debug|Win32
		{71399245-FA7B-48C1-ABD4-1E9AC1C3FF57}.Debug|x86.Build.0 = Debug|Win32
		{71399245-FA7B-48C1-ABD4-1E9AC1C3FF57}.Release|x64.ActiveCfg = Release|x64
		{71399245-FA7B-48C1-ABD4-1E9AC1C3FF57}.Release|x64.Build.0 = Release|x64
		{71399245-FA7B-48C1-ABD4-1E9AC1C3FF57}.Release|x86.ActiveCfg = Release|Win32
		{71399245-FA7B-48C1-ABD4-1E9AC1C3FF57}.Release|x86.Build.0 = Release|Win32
		{EB430093-94BF-406E-833B-26E95A0AE603}.Debug|x64.ActiveCfg = Debug|x64
		{EB430093-94BF-406E-833B-26E95A0AE603}.Debug|x64.Build.0 = Debug|x64
		{EB430093-94BF-406E-833B-26E95A0AE603}.Debug|x86.ActiveCfg = Debug|Win32
		{EB430093-94BF-406E-833B-26E95A0AE603}.Debug|x86.Build.0 = Debug|Win32
		{EB430093-94BF-406E-833B-26E95A0AE603}.Release|x64.ActiveCfg = Release|x64
		{EB430093-94BF-406E-833B-26E95A0AE603}.Release|x64.Build.0 = Release|x64
		{EB430093-94BF-406E-833B-26E95A0AE603}.Release|x86.ActiveCfg = Release|Win32
		{EB430093-94BF-406E-833B-26E95A0AE603}.Release|x86.Build.0 = Release|Win32
		{A292C1C1-379B-48B8-9CEC-EB6883BE4465}.Debug|x64.ActiveCfg = Debug|x64
		{A292C1C1-379B-48B8-9CEC-EB6883BE4465}.Debug|x64.Build.0 = Debug|x64
		{A292C1C1-379B-48B8-9CEC-EB6883BE4465}.Debug|x86.ActiveCfg = Debug|Win32
		{A292C1C1-379B-48B8-9CEC-EB6883BE4465}.Debug|x86.Build.0 = Debug|Win32
		{A292C1C1-379B-48B8-9CEC-EB6883BE4465}.Release|x64.ActiveCfg = Release|x64
		{A292C1C1-379B-48B8-9CEC-EB6883BE4465}.Release|x64.Build.0 = Release|x64
		{A292C1C1-379B-48B8-9CEC-EB6883BE4465}.Release|x86.ActiveCfg = Release|Win32
		{A292C1C1-379B-48B8-9CEC-EB6883BE4465}.Release|x86.Build.0 = Release|Win32
		{D439E94F-C475-492D-B5FF-CFDFB878D920}.Debug|x64.ActiveCfg = Debug|x64
		{D439E94F-C475-492D-B5FF-CFDFB878D920}.Debug|x64.Build.0 = Debug|x64
		{D439E94F-C475-492D-B5FF-CFDFB878D920}.Debug|x86.ActiveCfg = Debug|Win32
		{D439E94F-C475-492D-B5FF-CFDFB878D920}.Debug|x86.Build.0 = Debug|Win32
		{D439E94F-C475-492D-B5FF-CFDFB878D920}.Release|x64.ActiveCfg = Release|x64
		{D439E94F-C475-492D-B5FF-CFDFB878D920}.Release|x64.Build.0 = Release|x64
		{D439E94F-C475-492D-B5FF-CFDFB878D920}.Release|x86.ActiveCfg = Release|Win32
		{D439E94F-C475-492D-B5FF-CFDFB878D920}.Release|x86.Build.0 = Release|Win32
		{CCFDEBBD-808E-454C-8037-E4959101A7FC}.Debug|x64.ActiveCfg = Debug|x64
		{CCFDEBBD-808E-454C-8037-E4959101A7FC}.Debug|x64.Build.0 = Debug|x64
		{CCFDEBBD-808E-454C-8037-E4959101A7FC}.Debug|x86.ActiveCfg = Debug|Win32
		{CCFDEBBD-808E-454C-8037-E4959101A7FC}.Debug|x86.Build.0 = Debug|Win32
		{CCFDEBBD-808E-454C-8037-E4959101A7FC}.Release|x64.ActiveCfg = Release|x64
		{CCFDEBBD-808E-454C-8037-E4959101A7FC}.Release|x64.Build.0 = Release|x64
		{CCFDEBBD-808E-454C-8037-E4959101A7FC}.Release|x86.ActiveCfg = Release|Win32
		{CCFDEBBD-808E-454C-8037-E4959101A7FC}.Release|x86.Build.0 = Release|Win32
		{29920072-1669-4E45-B752-D1E42948CE68}.Debug|x64.ActiveCfg = Debug|x64
		{29920072-1669-4E45-B752-D1E42948CE68}.Debug|x64.Build.0 = Debug|x64
		{29920072-1669-4E45-B752-D1E42948CE68}.Debug|x86.ActiveCfg = Debug|Win32
		{29920072-1669-4E45-B752-D1E42948CE68}.Debug|x86.Build.0 = Debug|Win32
		{29920072-1669-4E45-B752-D1E42948CE68}.Release|x64.ActiveCfg = Release|x64
		{29920072-1669-4E45-B752-D1E42948CE68}.Release|x64.Build.0 = Release|x64
		{29920072-1669-4E45-B752-D1E42948CE68}.Release|x86.ActiveCfg = Release|Win32
		{29920072-1669-4E45-B752-D1E42948CE68}.Release|x86.Build.0 = Release|Win32
		{F4F130C2-C148-4960-AB96-2B2C45E03484}.Debug|x64.ActiveCfg = Debug|x64
		{F4F130C2-C148-4960-AB96-2B2C45E03484}.Debug|x64.Build.0 = Debug|x64
		{F4F130C2-C148-4960-AB96-2B2C45E03484}.Debug|x86.ActiveCfg = Debug|Win32
		{F4F130C2-C148-4960-AB96-2B2C45E03484}.Debug|x86.Build.0 = Debug|Win32
		{F4F130C2-C148-4960-AB96-2B2C45E03484}.Release|x64.ActiveCfg = Release|x64
		{F4F130C2-C148-4960-AB96-2B2C45E03484}.Release|x64.Build.0 = Release|x64
		{F4F130C2-C148-4960-AB96-2B2C45E03484}.Release|x86.ActiveCfg = Release|Win32
		{F4F130C2-C148-4960-AB96-2B2C45E03484}.Release|x86.Build.0 = Release|Win32
		{CD5E51BD-75BB-4A0C-B798-6D4ACAFA86DD}.Debug|x64.ActiveCfg = Debug|x64
		{CD5E51BD-75BB-4A0C-B798-6D4ACAFA86DD}.Debug|x64.Build.0 = Debug|x64
		{CD5E51BD-75BB-4A0C-B798-6D4ACAFA86DD}.Debug|x86.ActiveCfg = Debug|Win32
		{CD5E51BD-75BB-4A0C-B798-6D4ACAFA86DD}.Debug|x86.Build.0 = Debug|Win32
		{CD5E51BD-75BB-4A0C-B798-6D4ACAFA86DD}.Release|x64.ActiveCfg = Release|x64
		{CD5E51BD-75BB-4A0C-B798-6D4ACAFA86DD}.Release|x64.Build.0 = Release|x64
		{CD5E51BD-75BB-4A0C-B798-6D4ACAFA86DD}.Release|x86.ActiveCfg = Release|Win32
		{CD5E51BD-75BB-4A0C-B798-6D4ACAFA86DD}.Release|x86.Build.0 = Release|Win32
		{9A104108-B505-4FB8-81A6-DEEF8B23E86D}.Debug|x64.ActiveCfg = Debug|x64
		{9A104108-B505-4FB8-81A6-DEEF8B23E86D}.Debug|x64.Build.0 = Debug|x64
		{9A104108-B505-4FB8-81A6-DEEF8B23E86D}.Debug|x86.ActiveCfg = Debug|Win32
		{9A104108-B505-4FB8-81A6-DEEF8B23E86D}.Debug|x86.Build.0 = Debug|Win32
		{9A104108-B505-4FB8-81A6-DEEF8B23E86D}.Release|x64.ActiveCfg = Release|x64
		{9A104108-B505-4FB8-81A6-DEEF8B23E86D}.Release|x64.Build.0 = Release|x64
		{9A104108-B505-4FB8-81A6-DEEF8B23E86D}.Release|x86.ActiveCfg = Release|Win32
		{9A104108-B505-4FB8-81A6-DEEF8B23E86D}.Release|x86.Build.0 = Release|Win32
		{7A57C4C4-DFD1-4525-80EE-44C9C5DFFE93}.Debug|x64.ActiveCfg = Debug|x64
		{7A57C4C4-DFD1-4525-80EE-44C9C5DFFE93}.Debug|x64.Build.0 = Debug|x64
		{7A57C4C4-DFD1-4525-80EE-44C9C5DFFE93}.Debug|x86.ActiveCfg = Debug|Win32
		{7A57C4C4-DFD1-4525-80EE-44C9C5DFFE93}.Debug|x86.Build.0 = Debug|Win32
		{7A57C4C4-DFD1-4525-80EE-44C9C5DFFE93}.Release|x64.ActiveCfg = Release|x64
		{7A57C4C4-DFD1-4525-80EE-44C9C5DFFE93}.Release|x64.Build.0 = Release|x64
		{7A57C4C4-DFD1-4525-80EE-44C9C5DFFE93}.Release|x86.ActiveCfg = Release|Win32
		{7A57C4C4-DFD1-4525-80EE-44C9C5DFFE93}.Release|x86.Build.0 = Release|Win32
		{703FB943-BA04-4C4A-A9F8-6802E16E6D05}.Debug|x64.ActiveCfg = Debug|x64
		{703FB943-BA04-4C4A-A9F8-6802E16E6D05}.Debug|x64.Build.0 = Debug|x64
		{703FB943-BA04-4C4A-A9F8-6802E16E6D05}.Debug|x86.ActiveCfg = Debug|Win32
		{703FB943-BA04-4C4A-A9F8-6802E16E6D05}.Debug|x86.Build.0 = Debug|Win32
		{703FB943-BA04-4C4A-A9F8-6802E16E6D05}.Release|x64.ActiveCfg = Release|x64
		{703FB943-BA04-4C4A-A9F8-6802E16E6D05}.Release|x64.Build.0 = Release|x64
		{703FB943-BA04-4C4A-A9F8-6802E16E6D05}.Release|x86.ActiveCfg = Release|Win32
		{703FB943-BA04-4C4A-A9F8-6802E16E6D05}.Release|x86.Build.0 = Release|Win32
		{4BCCDBD8-72DB-411B-A544-763691020836}.Debug|x64.ActiveCfg = Debug|x64
		{4BCCDBD8-72DB-411B-A544-763691020836}.Debug|x64.Build.0 = Debug|x64
		{4BCCDBD8-72DB-411B-A544-763691020836}.Debug|x86.ActiveCfg = Debug|Win32
		{4BCCDBD8-72DB-411B-A544-763691020836}.Debug|x86.Build.0 = Debug|Win32
		{4BCCDBD8-72DB-411B-A544-763691020836}.Release|x64.ActiveCfg = Release|x64
		{4BCCDBD8-72DB-411B-A544-763691020836}.Release|x64.Build.0 = Release|x64
		{4BCCDBD8-72DB-411B-A544-763691020836}.Release|x86.ActiveCfg = Release|Win32
		{4BCCDBD8-72DB-411B-A544-763691020836}.Release|x86.Build.0 = Release|Win32
		{2AD8F90C-17C0-4F9E-9BC4-1390D045F06E}.Debug|x64.ActiveCfg = Debug|x64
		{2AD8F90C-17C0-4F9E-9BC4-1390D045F06E}.Debug|x64.Build.0 = Debug|x64
		{2AD8F90C-17C0-4F9E-9BC4-1390D045F06E}.Debug|x86.ActiveCfg = Debug|Win32
		{2AD8F90C-17C0-4F9E-9BC4-1390D045F06E}.Debug|x86.Build.0 = Debug|Win32
		{2AD8F90C-17C0-4F9E-9BC4-1390D045F06E}.Release|x64.ActiveCfg = Release|x64
		{2AD8F90C-17C0-4F9E-9BC4-1390D045F06E}.Release|x64.Build.0 = Release|x64
		{2AD8F90C-17C0-4F9E-9BC4-1390D045F06E}.Release|x86.ActiveCfg = Release|Win32
		{2AD8F90C-17C0-4F9E-9BC4-1390D045F06E}.Release|x86.Build.0 = Release|Win32
		{BB85300B-67ED-4601-831C-599996CDAA3D}.Debug|x64.ActiveCfg = Debug|x64
		{BB85300B-67ED-4601-831C-599996CDAA3D}.Debug|x64.Build.0 = Debug|x64
		{BB85300B-67ED-4601-831C-599996CDAA3D}.Debug|x86.ActiveCfg = Debug|Win32
		{BB85300B-67ED-4601-831C-599996CDAA3D}.Debug|x86.Build.0 = Debug|Win32
		{BB85300B-67ED-4601-831C-599996CDAA3D}.Release|x64.ActiveCfg = Release|x64
		{BB85300B-67ED-4601-831C-599996CDAA3D}.Release|x64.Build.0 = Release|x64
		{BB85300B-67ED-4601-831C-599996CDAA3D}.Release|x86.ActiveCfg = Release|Win32
		{BB85300B-67ED-4601-831C-599996CDAA3D}.Release|x86.Build.0 = Release|Win32
		{99DDBAC1-A921-40D2-85D5-59018C9C8731}.Debug|x64.ActiveCfg = Debug|x64
		{99DDBAC1-A921-40D2-85D5-59018C9C8731}.Debug|x64.Build.0 = Debug|x64
		{99DDBAC1-A921-40D2-85D5-59018C9C8731}.Debug|x86.ActiveCfg = Debug|Win32
		{99DDBAC1-A921-40D2-85D5-59018C9C8731}.Debug|x86.Build.0 = Debug|Win32
		{99DDBAC1-A921-40D2-85D5-59018C9C8731}.Release|x64.ActiveCfg = Release|x64
		{99DDBAC1-A921-40D2-85D5-59018C9C8731}.Release|x64.Build.0 = Release|x64
		{99DDBAC1-A921-40D2-85D5-59018C9C8731}.Release|x86.ActiveCfg = Release|Win32
		{99DDBAC1-A921-40D2-85D5-59018C9C8731}.Release|x86.Build.0 = Release|Win32
		{11E04073-0F43-4944-9E62-105AB10C7389}.Debug|x64.ActiveCfg = Debug|x64
		{11E04073-0F43-4944-9E62-105AB10C7389}.Debug|x64.Build.0 = Debug|x64
		{11E04073-0F43-4944-9E62-105AB10C7389}.Debug|x86.ActiveCfg = Debug|Win32
		{11E04073-0F43-4944-9E62-105AB10C7389}.Debug|x86.Build.0 = Debug|Win32
		{11E04073-0F43-4944-9E62-105AB10C7389}.Release|x64.ActiveCfg = Release|x64
		{11E04073-0F43-4944-9E62-105AB10C7389}.Release|x64.Build.0 = Release|x64
		{11E04073-0F43-4944-9E62-105AB10C7389}.Release|x86.ActiveCfg = Release|Win32
		{11E04073-0F43-4944-9E62-105AB10C7389}.Release|x86.Build.0 = Release|Win32
		{ED239E62-79E5-4DAE-9346-75F36D408D03}.Debug|x64.ActiveCfg = Debug|x64
		{ED239E62-79E5-4DAE-9346-75F36D408D03}.Debug|x64.Build.0 = Debug|x64
		{ED239E62-79E5-4DAE-9346-75F36D408D03}.Debug|x86.ActiveCfg = Debug|Win32
		{ED239E62-79E5-4DAE-9346-75F36D408D03}.Debug|x86.Build.0 = Debug|Win32
		{ED239E62-79E5-4DAE-9346-75F36D408D03}.Release|x64.ActiveCfg = Release|x64
		{ED239E62-79E5-4DAE-9346-75F36D408D03}.Release|x64.Build.0 = Release|x64
		{ED239E62-79E5-4DAE-9346-75F36D408D03}.Release|x86.ActiveCfg = Release|Win32
		{ED239E62-79E5-4DAE-9346-75F36D408D03}.Release|x86.Build.0 = Release|Win32
		{5607E1B9-3D67-45B2-85FB-8BF960D31AB1}.Debug|x64.ActiveCfg = Debug|x64
		{5607E1B9-3D67-45B2-85FB-8BF960D31AB1}.Debug|x64.Build.0 = Debug|x64
		{5607E1B9-3D67-45B2-85FB-8BF960D31AB1}.Debug|x86.ActiveCfg = Debug|Win32
		{5607E1B9-3D67-45B2-85FB-8BF960D31AB1}.Debug|x86.Build.0 = Debug|Win32
		{5607E1B9-3D67-45B2-85FB-8BF960D31AB1}.Release|x64.ActiveCfg = Release|x64
		{5607E1B9-3D67-45B2-85FB-8BF960D31AB1}.Release|x64.Build.0 = Release|x64
		{5607E1B9-3D67-45B2-85FB-8BF960D31AB1}.Release|x86.ActiveCfg = Release|Win32
		{5607E1B9-3D67-45B2-85FB-8BF960D31AB1}.Release|x86.Build.0 = Release|Win32
		{5F20A28A-0525-4FE6-8812-62E5138D610A}.Debug|x64.ActiveCfg = Debug|x64
		{5F20A28A-0525-4FE6-8812-62E5138D610A}.Debug|x64.Build.0 = Debug|x64
		{5F20A28A-0525-4FE6-8812-62E5138D610A}.Debug|x86.ActiveCfg = Debug|Win32
		{5F20A28A-0525-4FE6-8812-62E5138D610A}.Debug|x86.Build.0 = Debug|Win32
		{5F20A28A-0525-4FE6-8812-62E5138D610A}.Release|x64.ActiveCfg = Release|x64
		{5F20A28A-0525-4FE6-8812-62E5138D610A}.Release|x64.Build.0 = Release|x64
		{5F20A28A-0525-4FE6-8812-62E5138D610A}.Release|x86.ActiveCfg = Release|Win32
		{5F20A28A-0525-4FE6-8812-62E5138D610A}.Release|x86.Build.0 = Release|Win32
		{CA71B2E8-EC96-469B-8AA7-A83C6C47253F}.Debug|x64.ActiveCfg = Debug|x64
		{CA71B2E8-EC96-469B-8AA7-A83C6C47253F}.Debug|x64.Build.0 = Debug|x64
		{CA71B2E8-EC96-469B-8AA7-A83C6C47253F}.Debug|x86.ActiveCfg = Debug|Win32
		{CA71B2E8-EC96-469B-8AA7-A83C6C47253F}.Debug|x86.Build.0 = Debug|Win32
		{CA71B2E8-EC96-469B-8AA7-A83C6C47253F}.Release|x64.ActiveCfg = Release|x64
		{CA71B2E8-EC96-469B-8AA7-A83C6C47253F}.Release|x64.Build.0 = Release|x64
		{CA71B2E8-EC96-469B-8AA7-A83C6C47253F}.Release|x86.ActiveCfg = Release|Win32
		{CA71B2E8-EC96-469B-8AA7-A83C6C47253F}.Release|x86.Build.0 = Release|Win32
		{4F05AD10-EF3C-49C8-AF78-7612ECFE3760}.Debug|x64.ActiveCfg = Debug|x64
		{4F05AD10-EF3C-49C8-AF78-7612ECFE3760}.Debug|x64.Build.0 = Debug|x64
		{4F05AD10-EF3C-49C8-AF78-7612ECFE3760}.Debug|x86.ActiveCfg = Debug|Win32
		{4F05AD10-EF3C-49C8-AF78-7612ECFE3760}.Debug|x86.Build.0 = Debug|Win32
		{4F05AD10-EF3C-49C8-AF78-7612ECFE3760}.Release|x64.ActiveCfg = Release|x64
		{4F05AD10-EF3C-49C8-AF78-7612ECFE3760}.Release|x64.Build.0 = Release|x64
		{4F05AD10-EF3C-49C8-AF78-7612ECFE3760}.Release|x86.ActiveCfg = Release|Win32
		{4F05AD10-EF3C-49C8-AF78-7612ECFE3760}.Release|x86.Build.0 = Release|Win32
		{9BE8C596-01E6-4D2D-B8ED-5F7D8BCBCA1C}.Debug|x64.ActiveCfg = Debug|x64
		{9BE8C596-01E6-4D2D-B8ED-5F7D8BCBCA1C}.Debug|x64.Build.0 = Debug|x64
		{9BE8C596-01E6-4D2D-B8ED-5F7D8BCBCA1C}.Debug|x86.ActiveCfg = Debug|Win32
		{9BE8C596-01E6-4D2D-B8ED-5F7D8BCBCA1C}.Debug|x86.Build.0 = Debug|Win32
		{9BE8C596-01E6-4D2D-B8ED-5F7D8BCBCA1C}.Release|x64.ActiveCfg = Release|x64
		{9BE8C596-01E6-4D2D-B8ED-5F7D8BCBCA1C}.Release|x64.Build.0 = Release|x64
		{9BE8C596-01E6-4D2D-B8ED-5F7D8BCBCA1C}.Release|x86.ActiveCfg = Release|Win32
		{9BE8C596-01E6-4D2D-B8ED-5F7D8BCBCA1C}.Release|x86.Build.0 = Release|Win32
		{6BEC25AB-F080-4CDB-A903-88D07B3B409D}.Debug|x64.ActiveCfg = Debug|x64
		{6BEC25AB-F080-4CDB-A903-88D07B3B409D}.Debug|x64.Build.0 = Debug|x64
		{6BEC25AB-F080-4CDB-A903-88D07B3B409D}.Debug|x86.ActiveCfg = Debug|Win32
		{6BEC25AB-F080-4CDB-A903-88D07B3B409D}.Debug|x86.Build.0 = Debug|Win32
		{6BEC25AB-F080-4CDB-A903-88D07B3B409D}.Release|x64.ActiveCfg = Release|x64
		{6BEC25AB-F080-4CDB-A903-88D07B3B409D}.Release|x64.Build.0 = Release|x64
		{6BEC25AB-F080-4CDB-A903-88D07B3B409D}.Release|x86.ActiveCfg = Release|Win32
		{6BEC25AB-F080-4CDB-A903-88D07B3B409D}.Release|x86.Build.0 = Release|Win32
		{F4919D0B-10AC-4125-A268-F0871473CC2B}.Debug|x64.ActiveCfg = Debug|x64
		{F4919D0B-10AC-4125-A268-F0871473CC2B}.Debug|x64.Build.0 = Debug|x64
		{F4919D0B-10AC-4125-A268-F0871473CC2B}.Debug|x86.ActiveCfg = Debug|Win32
		{F4919D0B-10AC-4125-A268-F0871473CC2B}.Debug|x86.Build.0 = Debug|Win32
		{F4919D0B-10AC-4125-A268-F0871473CC2B}.Release|x64.ActiveCfg = Release|x64
		{F4919D0B-10AC-4125-A268-F0871473CC2B}.Release|x64.Build.0 = Release|x64
		{F4919D0B-10AC-4125-A268-F0871473CC2B}.Release|x86.ActiveCfg = Release|Win32
		{F4919D0B-10AC-4125-A268-F0871473CC2B}.Release|x86.Build.0 = Release|Win32
		{3CA5279B-A257-4BD8-877E-74C9A5F2D2A7}.Debug|x64.ActiveCfg = Debug|x64
		{3CA5279B-A257-4BD8-877E-74C9A5F2D2A7}.Debug|x64.Build.0 = Debug|x64
		{3CA5279B-A257-4BD8-877E-74C9A5F2D2A7}.Debug|x86.ActiveCfg = Debug|Win32
		{3CA5279B-A257-4BD8-877E-74C9A5F2D2A7}.Debug|x86.Build.0 = Debug|Win32
		{3CA5279B-A257-4BD8-877E-74C9A5F2D2A7}.Release|x64.ActiveCfg = Release|x64
		{3CA5279B-A257-4BD8-877E-74C9A5F2D2A7}.Release|x64.Build.0 = Release|x64
		{3CA5279B-A257-4BD8-877E-74C9A5F2D2A7}.Release|x86.ActiveCfg = Release|Win32
		{3CA5279B-A257-4BD8-877E-74C9A5F2D2A7}.Release|x86.Build.0 = Release|Win32
		{96080411-DF21-41A0-B031-70EF65ACDAB7}.Debug|x64.ActiveCfg = Debug|x64
		{96080411-DF21-41A0-B031-70EF65ACDAB7}.Debug|x64.Build.0 = Debug|x64
		{96080411-DF21-41A0-B031-70EF65ACDAB7}.Debug|x86.ActiveCfg = Debug|Win32
		{96080411-DF21-41A0-B031-70EF65ACDAB7}.Debug|x86.Build.0 = Debug|Win32
		{96080411-DF21-41A0-B031-70EF65ACDAB7}.Release|x64.ActiveCfg = Release|x64
		{96080411-DF21-41A0-B031-70EF65ACDAB7}.Release|x64.Build.0 = Release|x64
		{96080411-DF21-41A0-B031-70EF65ACDAB7}.Release|x86.ActiveCfg = Release|Win32
		{96080411-DF21-41A0-B031-70EF65ACDAB7}.Release|x86.Build.0 = Release|Win32
		{B8641D18-5833-4390-9A80-DDFE1AC16BE3}.Debug|x64.ActiveCfg = Debug|x64
		{B8641D18-5833-4390-9A80-DDFE1AC16BE3}.Debug|x64.Build.0 = Debug|x64
		{B8641D18-5833-4390-9A80-DDFE1AC16BE3}.Debug|x86.ActiveCfg = Debug|Win32
		{B8641D18-5833-4390-9A80-DDFE1AC16BE3}.Debug|x86.Build.0 = Debug|Win32
		{B8641D18-5833-4390-9A80-DDFE1AC16BE3}.Release|x64.ActiveCfg = Release|x64
		{B8641D18-5833-4390-9A80-DDFE1AC16BE3}.Release|x64.Build.0 = Release|x64
		{B8641D18-5833-4390-9A80-DDFE1AC16BE3}.Release|x86.ActiveCfg = Release|Win32
		{B8641D18-5833-4390-9A80-DDFE1AC16BE3}.Release|x86.Build.0 = Release|Win32
		{EE01D391-C3AF-4AB4-AF28-E81055061A97}.Debug|x64.ActiveCfg = Debug|x64
		{EE01D391-C3AF-4AB4-AF28-E81055061A97}.Debug|x64.Build.0 = Debug|x64
		{EE01D391-C3AF-4AB4-AF28-E81055061A97}.Debug|x86.ActiveCfg = Debug|Win32
		{EE01D391-C3AF-4AB4-AF28-E81055061A97}.Debug|x86.Build.0 = Debug|Win32
		{EE01D391-C3AF-4AB4-AF28-E81055061A97}.Release|x64.ActiveCfg = Release|x64
		{EE01D391-C3AF-4AB4-AF28-E81055061A97}.Release|x64.Build.0 = Release|x64
		{EE01D391-C3AF-4AB4-AF28-E81055061A97}.Release|x86.ActiveCfg = Release|Win32
		{EE01D391-C3AF-4AB4-AF28-E81055061A97}.Release|x86.Build.0 = Release|Win32
		{4871B85E-6668-4026-967D-C063559268FB}.Debug|x64.ActiveCfg = Debug|x64
		{4871B85E-6668-4026-967D-C063559268FB}.Debug|x64.Build.0 = Debug|x64
		{4871B85E-6668-4026-967D-C063559268FB}.Debug|x86.ActiveCfg = Debug|Win32
		{4871B85E-6668-4026-967D-C063559268FB}.Debug|x86.Build.0 = Debug|Win32
		{4871B85E-6668-4026-967D-C063559268FB}.Release|x64.ActiveCfg = Release|x64
		{4871B85E-6668-4026-967D-C063559268FB}.Release|x64.Build.0 = Release|x64
		{4871B85E-6668-4026-967D-C063559268FB}.Release|x86.ActiveCfg = Release|Win32
		{4871B85E-6668-4026-967D-C063559268FB}.Release|x86.Build.0 = Release|Win32
		{B4765025-D9E1-43BA-9B2A-7A2AFDE62442}.Debug|x64.ActiveCfg = Debug|x64
		{B4765025-D9E1-43BA-9B2A-7A2AFDE62442}.Debug|x64.Build.0 = Debug|x64
		{B4765025-D9E1-43BA-9B2A-7A2AFDE62442}.Debug|x86.ActiveCfg = Debug|Win32
		{B4765025-D9E1-43BA-9B2A-7A2AFDE62442}.Debug|x86.Build.0 = Debug|Win32
		{B4765025-D9E1-43BA-9B2A-7A2AFDE62442}.Release|x64.ActiveCfg = Release|x64
		{B4765025-D9E1-43BA-9B2A-7A2AFDE62442}.Release|x64.Build.0 = Release|x64
		{B4765025-D9E1-43BA-9B2A-7A2AFDE62442}.Release|x86.ActiveCfg = Release|Win32
		{B4765025-D9E1-43BA-9B2A-7A2AFDE62442}.Release|x86.Build.0 = Release|Win32
		{19239F6F-024A-45DA-A03E-F350E480AF2E}.Debug|x64.ActiveCfg = Debug|x64
		{19239F6F-024A-45DA-A03E-F350E480AF2E}.Debug|x64.Build.0 = Debug|x64
		{19239F6F-024A-45DA-A03E-F350E480AF2E}.Debug|x86.ActiveCfg = Debug|Win32
		{19239F6F-024A-45DA-A03E-F350E480AF2E}.Debug|x86.Build.0 = Debug|Win32
		{19239F6F-024A-45DA-A03E-F350E480AF2E}.Release|x64.ActiveCfg = Release|x64
		{19239F6F-024A-45DA-A03E-F350E480AF2E}.Release|x64.Build.0 = Release|x64
		{19239F6F-024A-45DA-A03E-F350E480AF2E}.Release|x86.ActiveCfg = Release|Win32
		{19239F6F-024A-45DA-A03E-F350E480AF2E}.Release|x86.Build.0 = Release|Win32
	EndGlobalSection
	GlobalSection(SolutionProperties) = preSolution
		HideSolutionNode = FALSE
	EndGlobalSection
	GlobalSection(ExtensibilityGlobals) = postSolution
		SolutionGuid = {F1E199BD-51AF-49B2-8E21-3167889A24EB}
	EndGlobalSection
EndGlobal
