
Microsoft Visual Studio Solution File, Format Version 12.00
# Visual Studio Version 17
VisualStudioVersion = 17.14.36717.8 d17.14
MinimumVisualStudioVersion = 10.0.40219.1
Project("{8BC9CEB8-8B4A-11D0-8D11-00A0C91BC942}") = "1", "1\1.vcxproj", "{7B192650-834F-410E-AC37-C6D980F456E3}"
EndProject
Project("{8BC9CEB8-8B4A-11D0-8D11-00A0C91BC942}") = "2", "2\2.vcxproj", "{27CEB54F-F3E1-46BB-8A27-585A164FB9C3}"
EndProject
Project("{8BC9CEB8-8B4A-11D0-8D11-00A0C91BC942}") = "3", "3\3.vcxproj", "{377A4E7E-19AB-4CD2-AE22-724328AE7E38}"
EndProject
Project("{8BC9CEB8-8B4A-11D0-8D11-00A0C91BC942}") = "4", "4\4.vcxproj", "{0988A085-9712-42A4-93F4-EF83B04DFD8C}"
EndProject
Project("{8BC9CEB8-8B4A-11D0-8D11-00A0C91BC942}") = "5", "5\5.vcxproj", "{56E28115-E33E-4FD3-9A95-59938806696F}"
EndProject
Project("{8BC9CEB8-8B4A-11D0-8D11-00A0C91BC942}") = "6", "6\6.vcxproj", "{A5C82289-3C2E-4EFF-BC71-E4A11958D0D0}"
EndProject
Project("{8BC9CEB8-8B4A-11D0-8D11-00A0C91BC942}") = "7", "7\7.vcxproj", "{33086A34-7F84-4198-A98C-C3334D33D277}"
EndProject
Project("{8BC9CEB8-8B4A-11D0-8D11-00A0C91BC942}") = "8", "8\8.vcxproj", "{08018D12-38B8-4D48-BDB5-D152D226FBB6}"
EndProject
Project("{8BC9CEB8-8B4A-11D0-8D11-00A0C91BC942}") = "9", "9\9.vcxproj", "{4475324B-D671-466F-B352-DC0B4727111E}"
EndProject
Project("{8BC9CEB8-8B4A-11D0-8D11-00A0C91BC942}") = "10", "10\10.vcxproj", "{51BA685B-3A41-4108-891A-052BBE5A2120}"
EndProject
Project("{8BC9CEB8-8B4A-11D0-8D11-00A0C91BC942}") = "11", "11\11.vcxproj", "{9603F6E1-2FD0-47DE-A43C-A0F00F8D2D85}"
EndProject
Global
	GlobalSection(SolutionConfigurationPlatforms) = preSolution
		Debug|x64 = Debug|x64
		Debug|x86 = Debug|x86
		Release|x64 = Release|x64
		Release|x86 = Release|x86
	EndGlobalSection
	GlobalSection(ProjectConfigurationPlatforms) = postSolution
		{7B192650-834F-410E-AC37-C6D980F456E3}.Debug|x64.ActiveCfg = Debug|x64
		{7B192650-834F-410E-AC37-C6D980F456E3}.Debug|x64.Build.0 = Debug|x64
		{7B192650-834F-410E-AC37-C6D980F456E3}.Debug|x86.ActiveCfg = Debug|Win32
		{7B192650-834F-410E-AC37-C6D980F456E3}.Debug|x86.Build.0 = Debug|Win32
		{7B192650-834F-410E-AC37-C6D980F456E3}.Release|x64.ActiveCfg = Release|x64
		{7B192650-834F-410E-AC37-C6D980F456E3}.Release|x64.Build.0 = Release|x64
		{7B192650-834F-410E-AC37-C6D980F456E3}.Release|x86.ActiveCfg = Release|Win32
		{7B192650-834F-410E-AC37-C6D980F456E3}.Release|x86.Build.0 = Release|Win32
		{27CEB54F-F3E1-46BB-8A27-585A164FB9C3}.Debug|x64.ActiveCfg = Debug|x64
		{27CEB54F-F3E1-46BB-8A27-585A164FB9C3}.Debug|x64.Build.0 = Debug|x64
		{27CEB54F-F3E1-46BB-8A27-585A164FB9C3}.Debug|x86.ActiveCfg = Debug|Win32
		{27CEB54F-F3E1-46BB-8A27-585A164FB9C3}.Debug|x86.Build.0 = Debug|Win32
		{27CEB54F-F3E1-46BB-8A27-585A164FB9C3}.Release|x64.ActiveCfg = Release|x64
		{27CEB54F-F3E1-46BB-8A27-585A164FB9C3}.Release|x64.Build.0 = Release|x64
		{27CEB54F-F3E1-46BB-8A27-585A164FB9C3}.Release|x86.ActiveCfg = Release|Win32
		{27CEB54F-F3E1-46BB-8A27-585A164FB9C3}.Release|x86.Build.0 = Release|Win32
		{377A4E7E-19AB-4CD2-AE22-724328AE7E38}.Debug|x64.ActiveCfg = Debug|x64
		{377A4E7E-19AB-4CD2-AE22-724328AE7E38}.Debug|x64.Build.0 = Debug|x64
		{377A4E7E-19AB-4CD2-AE22-724328AE7E38}.Debug|x86.ActiveCfg = Debug|Win32
		{377A4E7E-19AB-4CD2-AE22-724328AE7E38}.Debug|x86.Build.0 = Debug|Win32
		{377A4E7E-19AB-4CD2-AE22-724328AE7E38}.Release|x64.ActiveCfg = Release|x64
		{377A4E7E-19AB-4CD2-AE22-724328AE7E38}.Release|x64.Build.0 = Release|x64
		{377A4E7E-19AB-4CD2-AE22-724328AE7E38}.Release|x86.ActiveCfg = Release|Win32
		{377A4E7E-19AB-4CD2-AE22-724328AE7E38}.Release|x86.Build.0 = Release|Win32
		{0988A085-9712-42A4-93F4-EF83B04DFD8C}.Debug|x64.ActiveCfg = Debug|x64
		{0988A085-9712-42A4-93F4-EF83B04DFD8C}.Debug|x64.Build.0 = Debug|x64
		{0988A085-9712-42A4-93F4-EF83B04DFD8C}.Debug|x86.ActiveCfg = Debug|Win32
		{0988A085-9712-42A4-93F4-EF83B04DFD8C}.Debug|x86.Build.0 = Debug|Win32
		{0988A085-9712-42A4-93F4-EF83B04DFD8C}.Release|x64.ActiveCfg = Release|x64
		{0988A085-9712-42A4-93F4-EF83B04DFD8C}.Release|x64.Build.0 = Release|x64
		{0988A085-9712-42A4-93F4-EF83B04DFD8C}.Release|x86.ActiveCfg = Release|Win32
		{0988A085-9712-42A4-93F4-EF83B04DFD8C}.Release|x86.Build.0 = Release|Win32
		{56E28115-E33E-4FD3-9A95-59938806696F}.Debug|x64.ActiveCfg = Debug|x64
		{56E28115-E33E-4FD3-9A95-59938806696F}.Debug|x64.Build.0 = Debug|x64
		{56E28115-E33E-4FD3-9A95-59938806696F}.Debug|x86.ActiveCfg = Debug|Win32
		{56E28115-E33E-4FD3-9A95-59938806696F}.Debug|x86.Build.0 = Debug|Win32
		{56E28115-E33E-4FD3-9A95-59938806696F}.Release|x64.ActiveCfg = Release|x64
		{56E28115-E33E-4FD3-9A95-59938806696F}.Release|x64.Build.0 = Release|x64
		{56E28115-E33E-4FD3-9A95-59938806696F}.Release|x86.ActiveCfg = Release|Win32
		{56E28115-E33E-4FD3-9A95-59938806696F}.Release|x86.Build.0 = Release|Win32
		{A5C82289-3C2E-4EFF-BC71-E4A11958D0D0}.Debug|x64.ActiveCfg = Debug|x64
		{A5C82289-3C2E-4EFF-BC71-E4A11958D0D0}.Debug|x64.Build.0 = Debug|x64
		{A5C82289-3C2E-4EFF-BC71-E4A11958D0D0}.Debug|x86.ActiveCfg = Debug|Win32
		{A5C82289-3C2E-4EFF-BC71-E4A11958D0D0}.Debug|x86.Build.0 = Debug|Win32
		{A5C82289-3C2E-4EFF-BC71-E4A11958D0D0}.Release|x64.ActiveCfg = Release|x64
		{A5C82289-3C2E-4EFF-BC71-E4A11958D0D0}.Release|x64.Build.0 = Release|x64
		{A5C82289-3C2E-4EFF-BC71-E4A11958D0D0}.Release|x86.ActiveCfg = Release|Win32
		{A5C82289-3C2E-4EFF-BC71-E4A11958D0D0}.Release|x86.Build.0 = Release|Win32
		{33086A34-7F84-4198-A98C-C3334D33D277}.Debug|x64.ActiveCfg = Debug|x64
		{33086A34-7F84-4198-A98C-C3334D33D277}.Debug|x64.Build.0 = Debug|x64
		{33086A34-7F84-4198-A98C-C3334D33D277}.Debug|x86.ActiveCfg = Debug|Win32
		{33086A34-7F84-4198-A98C-C3334D33D277}.Debug|x86.Build.0 = Debug|Win32
		{33086A34-7F84-4198-A98C-C3334D33D277}.Release|x64.ActiveCfg = Release|x64
		{33086A34-7F84-4198-A98C-C3334D33D277}.Release|x64.Build.0 = Release|x64
		{33086A34-7F84-4198-A98C-C3334D33D277}.Release|x86.ActiveCfg = Release|Win32
		{33086A34-7F84-4198-A98C-C3334D33D277}.Release|x86.Build.0 = Release|Win32
		{08018D12-38B8-4D48-BDB5-D152D226FBB6}.Debug|x64.ActiveCfg = Debug|x64
		{08018D12-38B8-4D48-BDB5-D152D226FBB6}.Debug|x64.Build.0 = Debug|x64
		{08018D12-38B8-4D48-BDB5-D152D226FBB6}.Debug|x86.ActiveCfg = Debug|Win32
		{08018D12-38B8-4D48-BDB5-D152D226FBB6}.Debug|x86.Build.0 = Debug|Win32
		{08018D12-38B8-4D48-BDB5-D152D226FBB6}.Release|x64.ActiveCfg = Release|x64
		{08018D12-38B8-4D48-BDB5-D152D226FBB6}.Release|x64.Build.0 = Release|x64
		{08018D12-38B8-4D48-BDB5-D152D226FBB6}.Release|x86.ActiveCfg = Release|Win32
		{08018D12-38B8-4D48-BDB5-D152D226FBB6}.Release|x86.Build.0 = Release|Win32
		{4475324B-D671-466F-B352-DC0B4727111E}.Debug|x64.ActiveCfg = Debug|x64
		{4475324B-D671-466F-B352-DC0B4727111E}.Debug|x64.Build.0 = Debug|x64
		{4475324B-D671-466F-B352-DC0B4727111E}.Debug|x86.ActiveCfg = Debug|Win32
		{4475324B-D671-466F-B352-DC0B4727111E}.Debug|x86.Build.0 = Debug|Win32
		{4475324B-D671-466F-B352-DC0B4727111E}.Release|x64.ActiveCfg = Release|x64
		{4475324B-D671-466F-B352-DC0B4727111E}.Release|x64.Build.0 = Release|x64
		{4475324B-D671-466F-B352-DC0B4727111E}.Release|x86.ActiveCfg = Release|Win32
		{4475324B-D671-466F-B352-DC0B4727111E}.Release|x86.Build.0 = Release|Win32
		{51BA685B-3A41-4108-891A-052BBE5A2120}.Debug|x64.ActiveCfg = Debug|x64
		{51BA685B-3A41-4108-891A-052BBE5A2120}.Debug|x64.Build.0 = Debug|x64
		{51BA685B-3A41-4108-891A-052BBE5A2120}.Debug|x86.ActiveCfg = Debug|Win32
		{51BA685B-3A41-4108-891A-052BBE5A2120}.Debug|x86.Build.0 = Debug|Win32
		{51BA685B-3A41-4108-891A-052BBE5A2120}.Release|x64.ActiveCfg = Release|x64
		{51BA685B-3A41-4108-891A-052BBE5A2120}.Release|x64.Build.0 = Release|x64
		{51BA685B-3A41-4108-891A-052BBE5A2120}.Release|x86.ActiveCfg = Release|Win32
		{51BA685B-3A41-4108-891A-052BBE5A2120}.Release|x86.Build.0 = Release|Win32
		{9603F6E1-2FD0-47DE-A43C-A0F00F8D2D85}.Debug|x64.ActiveCfg = Debug|x64
		{9603F6E1-2FD0-47DE-A43C-A0F00F8D2D85}.Debug|x64.Build.0 = Debug|x64
		{9603F6E1-2FD0-47DE-A43C-A0F00F8D2D85}.Debug|x86.ActiveCfg = Debug|Win32
		{9603F6E1-2FD0-47DE-A43C-A0F00F8D2D85}.Debug|x86.Build.0 = Debug|Win32
		{9603F6E1-2FD0-47DE-A43C-A0F00F8D2D85}.Release|x64.ActiveCfg = Release|x64
		{9603F6E1-2FD0-47DE-A43C-A0F00F8D2D85}.Release|x64.Build.0 = Release|x64
		{9603F6E1-2FD0-47DE-A43C-A0F00F8D2D85}.Release|x86.ActiveCfg = Release|Win32
		{9603F6E1-2FD0-47DE-A43C-A0F00F8D2D85}.Release|x86.Build.0 = Release|Win32
	EndGlobalSection
	GlobalSection(SolutionProperties) = preSolution
		HideSolutionNode = FALSE
	EndGlobalSection
	GlobalSection(ExtensibilityGlobals) = postSolution
		SolutionGuid = {F1E199BD-51AF-49B2-8E21-3167889A24EB}
	EndGlobalSection
EndGlobal
